
Microsoft Visual Studio Solution File, Format Version 12.00
# Visual Studio Version 16
VisualStudioVersion = 16.0.29324.140
MinimumVisualStudioVersion = 10.0.40219.1
Project("{FAE04EC0-301F-11D3-BF4B-00C04F79EFBC}") = "Pokemon", "Pokemon\Pokemon.csproj", "{3C839C88-07FA-4252-AE06-B161AD36B927}"
EndProject
Global
	GlobalSection(SolutionConfigurationPlatforms) = preSolution
		Debug|Any CPU = Debug|Any CPU
		Release|Any CPU = Release|Any CPU
	EndGlobalSection
	GlobalSection(ProjectConfigurationPlatforms) = postSolution
		{3C839C88-07FA-4252-AE06-B161AD36B927}.Debug|Any CPU.ActiveCfg = Debug|Any CPU
		{3C839C88-07FA-4252-AE06-B161AD36B927}.Debug|Any CPU.Build.0 = Debug|Any CPU
		{3C839C88-07FA-4252-AE06-B161AD36B927}.Release|Any CPU.ActiveCfg = Release|Any CPU
		{3C839C88-07FA-4252-AE06-B161AD36B927}.Release|Any CPU.Build.0 = Release|Any CPU
	EndGlobalSection
	GlobalSection(SolutionProperties) = preSolution
		HideSolutionNode = FALSE
	EndGlobalSection
	GlobalSection(ExtensibilityGlobals) = postSolution
		SolutionGuid = {D96E1F9C-D1F2-4BBE-9AB0-3C9FA2871F26}
	EndGlobalSection
EndGlobal
